// !$*UTF8*$!
{
	archiveVersion = 1;
	classes = {
	};
	objectVersion = 50;
	objects = {

/* Begin PBXBuildFile section */
		DEA206A0245B368300653FB4 /* AppDelegate.swift in Sources */ = {isa = PBXBuildFile; fileRef = DEA2069F245B368300653FB4 /* AppDelegate.swift */; };
		DEA206A2245B368300653FB4 /* SceneDelegate.swift in Sources */ = {isa = PBXBuildFile; fileRef = DEA206A1245B368300653FB4 /* SceneDelegate.swift */; };
		DEA206A4245B368300653FB4 /* ViewController.swift in Sources */ = {isa = PBXBuildFile; fileRef = DEA206A3245B368300653FB4 /* ViewController.swift */; };
		DEA206A7245B368300653FB4 /* Main.storyboard in Resources */ = {isa = PBXBuildFile; fileRef = DEA206A5245B368300653FB4 /* Main.storyboard */; };
		DEA206A9245B368400653FB4 /* Assets.xcassets in Resources */ = {isa = PBXBuildFile; fileRef = DEA206A8245B368400653FB4 /* Assets.xcassets */; };
		DEA206AC245B368400653FB4 /* LaunchScreen.storyboard in Resources */ = {isa = PBXBuildFile; fileRef = DEA206AA245B368400653FB4 /* LaunchScreen.storyboard */; };
		DEA206B7245B368400653FB4 /* Final_ProjectTests.swift in Sources */ = {isa = PBXBuildFile; fileRef = DEA206B6245B368400653FB4 /* Final_ProjectTests.swift */; };
		DEA206C2245B368400653FB4 /* Final_ProjectUITests.swift in Sources */ = {isa = PBXBuildFile; fileRef = DEA206C1245B368400653FB4 /* Final_ProjectUITests.swift */; };
		DEA206D0245CC85900653FB4 /* WebViewController.swift in Sources */ = {isa = PBXBuildFile; fileRef = DEA206CF245CC85900653FB4 /* WebViewController.swift */; };
		DEA206D2245CC94E00653FB4 /* TBViewController.swift in Sources */ = {isa = PBXBuildFile; fileRef = DEA206D1245CC94E00653FB4 /* TBViewController.swift */; };
		DEA206D4245CCB3F00653FB4 /* ViewingViewController.swift in Sources */ = {isa = PBXBuildFile; fileRef = DEA206D3245CCB3F00653FB4 /* ViewingViewController.swift */; };
/* End PBXBuildFile section */

/* Begin PBXContainerItemProxy section */
		DEA206B3245B368400653FB4 /* PBXContainerItemProxy */ = {
			isa = PBXContainerItemProxy;
			containerPortal = DEA20694245B368300653FB4 /* Project object */;
			proxyType = 1;
			remoteGlobalIDString = DEA2069B245B368300653FB4;
			remoteInfo = "Final Project";
		};
		DEA206BE245B368400653FB4 /* PBXContainerItemProxy */ = {
			isa = PBXContainerItemProxy;
			containerPortal = DEA20694245B368300653FB4 /* Project object */;
			proxyType = 1;
			remoteGlobalIDString = DEA2069B245B368300653FB4;
			remoteInfo = "Final Project";
		};
/* End PBXContainerItemProxy section */

/* Begin PBXFileReference section */
		DEA2069C245B368300653FB4 /* Final Project.app */ = {isa = PBXFileReference; explicitFileType = wrapper.application; includeInIndex = 0; path = "Final Project.app"; sourceTree = BUILT_PRODUCTS_DIR; };
		DEA2069F245B368300653FB4 /* AppDelegate.swift */ = {isa = PBXFileReference; lastKnownFileType = sourcecode.swift; path = AppDelegate.swift; sourceTree = "<group>"; };
		DEA206A1245B368300653FB4 /* SceneDelegate.swift */ = {isa = PBXFileReference; lastKnownFileType = sourcecode.swift; path = SceneDelegate.swift; sourceTree = "<group>"; };
		DEA206A3245B368300653FB4 /* ViewController.swift */ = {isa = PBXFileReference; lastKnownFileType = sourcecode.swift; path = ViewController.swift; sourceTree = "<group>"; };
		DEA206A6245B368300653FB4 /* Base */ = {isa = PBXFileReference; lastKnownFileType = file.storyboard; name = Base; path = Base.lproj/Main.storyboard; sourceTree = "<group>"; };
		DEA206A8245B368400653FB4 /* Assets.xcassets */ = {isa = PBXFileReference; lastKnownFileType = folder.assetcatalog; path = Assets.xcassets; sourceTree = "<group>"; };
		DEA206AB245B368400653FB4 /* Base */ = {isa = PBXFileReference; lastKnownFileType = file.storyboard; name = Base; path = Base.lproj/LaunchScreen.storyboard; sourceTree = "<group>"; };
		DEA206AD245B368400653FB4 /* Info.plist */ = {isa = PBXFileReference; lastKnownFileType = text.plist.xml; path = Info.plist; sourceTree = "<group>"; };
		DEA206B2245B368400653FB4 /* Final ProjectTests.xctest */ = {isa = PBXFileReference; explicitFileType = wrapper.cfbundle; includeInIndex = 0; path = "Final ProjectTests.xctest"; sourceTree = BUILT_PRODUCTS_DIR; };
		DEA206B6245B368400653FB4 /* Final_ProjectTests.swift */ = {isa = PBXFileReference; lastKnownFileType = sourcecode.swift; path = Final_ProjectTests.swift; sourceTree = "<group>"; };
		DEA206B8245B368400653FB4 /* Info.plist */ = {isa = PBXFileReference; lastKnownFileType = text.plist.xml; path = Info.plist; sourceTree = "<group>"; };
		DEA206BD245B368400653FB4 /* Final ProjectUITests.xctest */ = {isa = PBXFileReference; explicitFileType = wrapper.cfbundle; includeInIndex = 0; path = "Final ProjectUITests.xctest"; sourceTree = BUILT_PRODUCTS_DIR; };
		DEA206C1245B368400653FB4 /* Final_ProjectUITests.swift */ = {isa = PBXFileReference; lastKnownFileType = sourcecode.swift; path = Final_ProjectUITests.swift; sourceTree = "<group>"; };
		DEA206C3245B368400653FB4 /* Info.plist */ = {isa = PBXFileReference; lastKnownFileType = text.plist.xml; path = Info.plist; sourceTree = "<group>"; };
		DEA206CF245CC85900653FB4 /* WebViewController.swift */ = {isa = PBXFileReference; lastKnownFileType = sourcecode.swift; path = WebViewController.swift; sourceTree = "<group>"; };
		DEA206D1245CC94E00653FB4 /* TBViewController.swift */ = {isa = PBXFileReference; lastKnownFileType = sourcecode.swift; path = TBViewController.swift; sourceTree = "<group>"; };
		DEA206D3245CCB3F00653FB4 /* ViewingViewController.swift */ = {isa = PBXFileReference; lastKnownFileType = sourcecode.swift; path = ViewingViewController.swift; sourceTree = "<group>"; };
/* End PBXFileReference section */

/* Begin PBXFrameworksBuildPhase section */
		DEA20699245B368300653FB4 /* Frameworks */ = {
			isa = PBXFrameworksBuildPhase;
			buildActionMask = 2147483647;
			files = (
			);
			runOnlyForDeploymentPostprocessing = 0;
		};
		DEA206AF245B368400653FB4 /* Frameworks */ = {
			isa = PBXFrameworksBuildPhase;
			buildActionMask = 2147483647;
			files = (
			);
			runOnlyForDeploymentPostprocessing = 0;
		};
		DEA206BA245B368400653FB4 /* Frameworks */ = {
			isa = PBXFrameworksBuildPhase;
			buildActionMask = 2147483647;
			files = (
			);
			runOnlyForDeploymentPostprocessing = 0;
		};
/* End PBXFrameworksBuildPhase section */

/* Begin PBXGroup section */
		DEA20693245B368300653FB4 = {
			isa = PBXGroup;
			children = (
				DEA2069E245B368300653FB4 /* Final Project */,
				DEA206B5245B368400653FB4 /* Final ProjectTests */,
				DEA206C0245B368400653FB4 /* Final ProjectUITests */,
				DEA2069D245B368300653FB4 /* Products */,
			);
			sourceTree = "<group>";
		};
		DEA2069D245B368300653FB4 /* Products */ = {
			isa = PBXGroup;
			children = (
				DEA2069C245B368300653FB4 /* Final Project.app */,
				DEA206B2245B368400653FB4 /* Final ProjectTests.xctest */,
				DEA206BD245B368400653FB4 /* Final ProjectUITests.xctest */,
			);
			name = Products;
			sourceTree = "<group>";
		};
		DEA2069E245B368300653FB4 /* Final Project */ = {
			isa = PBXGroup;
			children = (
				DEA2069F245B368300653FB4 /* AppDelegate.swift */,
				DEA206A1245B368300653FB4 /* SceneDelegate.swift */,
				DEA206A3245B368300653FB4 /* ViewController.swift */,
				DEA206A5245B368300653FB4 /* Main.storyboard */,
				DEA206D3245CCB3F00653FB4 /* ViewingViewController.swift */,
				DEA206D1245CC94E00653FB4 /* TBViewController.swift */,
				DEA206CF245CC85900653FB4 /* WebViewController.swift */,
				DEA206A8245B368400653FB4 /* Assets.xcassets */,
				DEA206AA245B368400653FB4 /* LaunchScreen.storyboard */,
				DEA206AD245B368400653FB4 /* Info.plist */,
			);
			path = "Final Project";
			sourceTree = "<group>";
		};
		DEA206B5245B368400653FB4 /* Final ProjectTests */ = {
			isa = PBXGroup;
			children = (
				DEA206B6245B368400653FB4 /* Final_ProjectTests.swift */,
				DEA206B8245B368400653FB4 /* Info.plist */,
			);
			path = "Final ProjectTests";
			sourceTree = "<group>";
		};
		DEA206C0245B368400653FB4 /* Final ProjectUITests */ = {
			isa = PBXGroup;
			children = (
				DEA206C1245B368400653FB4 /* Final_ProjectUITests.swift */,
				DEA206C3245B368400653FB4 /* Info.plist */,
			);
			path = "Final ProjectUITests";
			sourceTree = "<group>";
		};
/* End PBXGroup section */

/* Begin PBXNativeTarget section */
		DEA2069B245B368300653FB4 /* Final Project */ = {
			isa = PBXNativeTarget;
			buildConfigurationList = DEA206C6245B368400653FB4 /* Build configuration list for PBXNativeTarget "Final Project" */;
			buildPhases = (
				DEA20698245B368300653FB4 /* Sources */,
				DEA20699245B368300653FB4 /* Frameworks */,
				DEA2069A245B368300653FB4 /* Resources */,
			);
			buildRules = (
			);
			dependencies = (
			);
			name = "Final Project";
			productName = "Final Project";
			productReference = DEA2069C245B368300653FB4 /* Final Project.app */;
			productType = "com.apple.product-type.application";
		};
		DEA206B1245B368400653FB4 /* Final ProjectTests */ = {
			isa = PBXNativeTarget;
			buildConfigurationList = DEA206C9245B368400653FB4 /* Build configuration list for PBXNativeTarget "Final ProjectTests" */;
			buildPhases = (
				DEA206AE245B368400653FB4 /* Sources */,
				DEA206AF245B368400653FB4 /* Frameworks */,
				DEA206B0245B368400653FB4 /* Resources */,
			);
			buildRules = (
			);
			dependencies = (
				DEA206B4245B368400653FB4 /* PBXTargetDependency */,
			);
			name = "Final ProjectTests";
			productName = "Final ProjectTests";
			productReference = DEA206B2245B368400653FB4 /* Final ProjectTests.xctest */;
			productType = "com.apple.product-type.bundle.unit-test";
		};
		DEA206BC245B368400653FB4 /* Final ProjectUITests */ = {
			isa = PBXNativeTarget;
			buildConfigurationList = DEA206CC245B368400653FB4 /* Build configuration list for PBXNativeTarget "Final ProjectUITests" */;
			buildPhases = (
				DEA206B9245B368400653FB4 /* Sources */,
				DEA206BA245B368400653FB4 /* Frameworks */,
				DEA206BB245B368400653FB4 /* Resources */,
			);
			buildRules = (
			);
			dependencies = (
				DEA206BF245B368400653FB4 /* PBXTargetDependency */,
			);
			name = "Final ProjectUITests";
			productName = "Final ProjectUITests";
			productReference = DEA206BD245B368400653FB4 /* Final ProjectUITests.xctest */;
			productType = "com.apple.product-type.bundle.ui-testing";
		};
/* End PBXNativeTarget section */

/* Begin PBXProject section */
		DEA20694245B368300653FB4 /* Project object */ = {
			isa = PBXProject;
			attributes = {
				LastSwiftUpdateCheck = 1130;
				LastUpgradeCheck = 1130;
				ORGANIZATIONNAME = "Frank Bonura";
				TargetAttributes = {
					DEA2069B245B368300653FB4 = {
						CreatedOnToolsVersion = 11.3.1;
					};
					DEA206B1245B368400653FB4 = {
						CreatedOnToolsVersion = 11.3.1;
						TestTargetID = DEA2069B245B368300653FB4;
					};
					DEA206BC245B368400653FB4 = {
						CreatedOnToolsVersion = 11.3.1;
						TestTargetID = DEA2069B245B368300653FB4;
					};
				};
			};
			buildConfigurationList = DEA20697245B368300653FB4 /* Build configuration list for PBXProject "Final Project" */;
			compatibilityVersion = "Xcode 9.3";
			developmentRegion = en;
			hasScannedForEncodings = 0;
			knownRegions = (
				en,
				Base,
			);
			mainGroup = DEA20693245B368300653FB4;
			productRefGroup = DEA2069D245B368300653FB4 /* Products */;
			projectDirPath = "";
			projectRoot = "";
			targets = (
				DEA2069B245B368300653FB4 /* Final Project */,
				DEA206B1245B368400653FB4 /* Final ProjectTests */,
				DEA206BC245B368400653FB4 /* Final ProjectUITests */,
			);
		};
/* End PBXProject section */

/* Begin PBXResourcesBuildPhase section */
		DEA2069A245B368300653FB4 /* Resources */ = {
			isa = PBXResourcesBuildPhase;
			buildActionMask = 2147483647;
			files = (
				DEA206AC245B368400653FB4 /* LaunchScreen.storyboard in Resources */,
				DEA206A9245B368400653FB4 /* Assets.xcassets in Resources */,
				DEA206A7245B368300653FB4 /* Main.storyboard in Resources */,
			);
			runOnlyForDeploymentPostprocessing = 0;
		};
		DEA206B0245B368400653FB4 /* Resources */ = {
			isa = PBXResourcesBuildPhase;
			buildActionMask = 2147483647;
			files = (
			);
			runOnlyForDeploymentPostprocessing = 0;
		};
		DEA206BB245B368400653FB4 /* Resources */ = {
			isa = PBXResourcesBuildPhase;
			buildActionMask = 2147483647;
			files = (
			);
			runOnlyForDeploymentPostprocessing = 0;
		};
/* End PBXResourcesBuildPhase section */

/* Begin PBXSourcesBuildPhase section */
		DEA20698245B368300653FB4 /* Sources */ = {
			isa = PBXSourcesBuildPhase;
			buildActionMask = 2147483647;
			files = (
				DEA206D4245CCB3F00653FB4 /* ViewingViewController.swift in Sources */,
				DEA206D2245CC94E00653FB4 /* TBViewController.swift in Sources */,
				DEA206A4245B368300653FB4 /* ViewController.swift in Sources */,
				DEA206A0245B368300653FB4 /* AppDelegate.swift in Sources */,
				DEA206A2245B368300653FB4 /* SceneDelegate.swift in Sources */,
				DEA206D0245CC85900653FB4 /* WebViewController.swift in Sources */,
			);
			runOnlyForDeploymentPostprocessing = 0;
		};
		DEA206AE245B368400653FB4 /* Sources */ = {
			isa = PBXSourcesBuildPhase;
			buildActionMask = 2147483647;
			files = (
				DEA206B7245B368400653FB4 /* Final_ProjectTests.swift in Sources */,
			);
			runOnlyForDeploymentPostprocessing = 0;
		};
		DEA206B9245B368400653FB4 /* Sources */ = {
			isa = PBXSourcesBuildPhase;
			buildActionMask = 2147483647;
			files = (
				DEA206C2245B368400653FB4 /* Final_ProjectUITests.swift in Sources */,
			);
			runOnlyForDeploymentPostprocessing = 0;
		};
/* End PBXSourcesBuildPhase section */

/* Begin PBXTargetDependency section */
		DEA206B4245B368400653FB4 /* PBXTargetDependency */ = {
			isa = PBXTargetDependency;
			target = DEA2069B245B368300653FB4 /* Final Project */;
			targetProxy = DEA206B3245B368400653FB4 /* PBXContainerItemProxy */;
		};
		DEA206BF245B368400653FB4 /* PBXTargetDependency */ = {
			isa = PBXTargetDependency;
			target = DEA2069B245B368300653FB4 /* Final Project */;
			targetProxy = DEA206BE245B368400653FB4 /* PBXContainerItemProxy */;
		};
/* End PBXTargetDependency section */

/* Begin PBXVariantGroup section */
		DEA206A5245B368300653FB4 /* Main.storyboard */ = {
			isa = PBXVariantGroup;
			children = (
				DEA206A6245B368300653FB4 /* Base */,
			);
			name = Main.storyboard;
			sourceTree = "<group>";
		};
		DEA206AA245B368400653FB4 /* LaunchScreen.storyboard */ = {
			isa = PBXVariantGroup;
			children = (
				DEA206AB245B368400653FB4 /* Base */,
			);
			name = LaunchScreen.storyboard;
			sourceTree = "<group>";
		};
/* End PBXVariantGroup section */

/* Begin XCBuildConfiguration section */
		DEA206C4245B368400653FB4 /* Debug */ = {
			isa = XCBuildConfiguration;
			buildSettings = {
				ALWAYS_SEARCH_USER_PATHS = NO;
				CLANG_ANALYZER_NONNULL = YES;
				CLANG_ANALYZER_NUMBER_OBJECT_CONVERSION = YES_AGGRESSIVE;
				CLANG_CXX_LANGUAGE_STANDARD = "gnu++14";
				CLANG_CXX_LIBRARY = "libc++";
				CLANG_ENABLE_MODULES = YES;
				CLANG_ENABLE_OBJC_ARC = YES;
				CLANG_ENABLE_OBJC_WEAK = YES;
				CLANG_WARN_BLOCK_CAPTURE_AUTORELEASING = YES;
				CLANG_WARN_BOOL_CONVERSION = YES;
				CLANG_WARN_COMMA = YES;
				CLANG_WARN_CONSTANT_CONVERSION = YES;
				CLANG_WARN_DEPRECATED_OBJC_IMPLEMENTATIONS = YES;
				CLANG_WARN_DIRECT_OBJC_ISA_USAGE = YES_ERROR;
				CLANG_WARN_DOCUMENTATION_COMMENTS = YES;
				CLANG_WARN_EMPTY_BODY = YES;
				CLANG_WARN_ENUM_CONVERSION = YES;
				CLANG_WARN_INFINITE_RECURSION = YES;
				CLANG_WARN_INT_CONVERSION = YES;
				CLANG_WARN_NON_LITERAL_NULL_CONVERSION = YES;
				CLANG_WARN_OBJC_IMPLICIT_RETAIN_SELF = YES;
				CLANG_WARN_OBJC_LITERAL_CONVERSION = YES;
				CLANG_WARN_OBJC_ROOT_CLASS = YES_ERROR;
				CLANG_WARN_RANGE_LOOP_ANALYSIS = YES;
				CLANG_WARN_STRICT_PROTOTYPES = YES;
				CLANG_WARN_SUSPICIOUS_MOVE = YES;
				CLANG_WARN_UNGUARDED_AVAILABILITY = YES_AGGRESSIVE;
				CLANG_WARN_UNREACHABLE_CODE = YES;
				CLANG_WARN__DUPLICATE_METHOD_MATCH = YES;
				COPY_PHASE_STRIP = NO;
				DEBUG_INFORMATION_FORMAT = dwarf;
				ENABLE_STRICT_OBJC_MSGSEND = YES;
				ENABLE_TESTABILITY = YES;
				GCC_C_LANGUAGE_STANDARD = gnu11;
				GCC_DYNAMIC_NO_PIC = NO;
				GCC_NO_COMMON_BLOCKS = YES;
				GCC_OPTIMIZATION_LEVEL = 0;
				GCC_PREPROCESSOR_DEFINITIONS = (
					"DEBUG=1",
					"$(inherited)",
				);
				GCC_WARN_64_TO_32_BIT_CONVERSION = YES;
				GCC_WARN_ABOUT_RETURN_TYPE = YES_ERROR;
				GCC_WARN_UNDECLARED_SELECTOR = YES;
				GCC_WARN_UNINITIALIZED_AUTOS = YES_AGGRESSIVE;
				GCC_WARN_UNUSED_FUNCTION = YES;
				GCC_WARN_UNUSED_VARIABLE = YES;
				IPHONEOS_DEPLOYMENT_TARGET = 13.2;
				MTL_ENABLE_DEBUG_INFO = INCLUDE_SOURCE;
				MTL_FAST_MATH = YES;
				ONLY_ACTIVE_ARCH = YES;
				SDKROOT = iphoneos;
				SWIFT_ACTIVE_COMPILATION_CONDITIONS = DEBUG;
				SWIFT_OPTIMIZATION_LEVEL = "-Onone";
			};
			name = Debug;
		};
		DEA206C5245B368400653FB4 /* Release */ = {
			isa = XCBuildConfiguration;
			buildSettings = {
				ALWAYS_SEARCH_USER_PATHS = NO;
				CLANG_ANALYZER_NONNULL = YES;
				CLANG_ANALYZER_NUMBER_OBJECT_CONVERSION = YES_AGGRESSIVE;
				CLANG_CXX_LANGUAGE_STANDARD = "gnu++14";
				CLANG_CXX_LIBRARY = "libc++";
				CLANG_ENABLE_MODULES = YES;
				CLANG_ENABLE_OBJC_ARC = YES;
				CLANG_ENABLE_OBJC_WEAK = YES;
				CLANG_WARN_BLOCK_CAPTURE_AUTORELEASING = YES;
				CLANG_WARN_BOOL_CONVERSION = YES;
				CLANG_WARN_COMMA = YES;
				CLANG_WARN_CONSTANT_CONVERSION = YES;
				CLANG_WARN_DEPRECATED_OBJC_IMPLEMENTATIONS = YES;
				CLANG_WARN_DIRECT_OBJC_ISA_USAGE = YES_ERROR;
				CLANG_WARN_DOCUMENTATION_COMMENTS = YES;
				CLANG_WARN_EMPTY_BODY = YES;
				CLANG_WARN_ENUM_CONVERSION = YES;
				CLANG_WARN_INFINITE_RECURSION = YES;
				CLANG_WARN_INT_CONVERSION = YES;
				CLANG_WARN_NON_LITERAL_NULL_CONVERSION = YES;
				CLANG_WARN_OBJC_IMPLICIT_RETAIN_SELF = YES;
				CLANG_WARN_OBJC_LITERAL_CONVERSION = YES;
				CLANG_WARN_OBJC_ROOT_CLASS = YES_ERROR;
				CLANG_WARN_RANGE_LOOP_ANALYSIS = YES;
				CLANG_WARN_STRICT_PROTOTYPES = YES;
				CLANG_WARN_SUSPICIOUS_MOVE = YES;
				CLANG_WARN_UNGUARDED_AVAILABILITY = YES_AGGRESSIVE;
				CLANG_WARN_UNREACHABLE_CODE = YES;
				CLANG_WARN__DUPLICATE_METHOD_MATCH = YES;
				COPY_PHASE_STRIP = NO;
				DEBUG_INFORMATION_FORMAT = "dwarf-with-dsym";
				ENABLE_NS_ASSERTIONS = NO;
				ENABLE_STRICT_OBJC_MSGSEND = YES;
				GCC_C_LANGUAGE_STANDARD = gnu11;
				GCC_NO_COMMON_BLOCKS = YES;
				GCC_WARN_64_TO_32_BIT_CONVERSION = YES;
				GCC_WARN_ABOUT_RETURN_TYPE = YES_ERROR;
				GCC_WARN_UNDECLARED_SELECTOR = YES;
				GCC_WARN_UNINITIALIZED_AUTOS = YES_AGGRESSIVE;
				GCC_WARN_UNUSED_FUNCTION = YES;
				GCC_WARN_UNUSED_VARIABLE = YES;
				IPHONEOS_DEPLOYMENT_TARGET = 13.2;
				MTL_ENABLE_DEBUG_INFO = NO;
				MTL_FAST_MATH = YES;
				SDKROOT = iphoneos;
				SWIFT_COMPILATION_MODE = wholemodule;
				SWIFT_OPTIMIZATION_LEVEL = "-O";
				VALIDATE_PRODUCT = YES;
			};
			name = Release;
		};
		DEA206C7245B368400653FB4 /* Debug */ = {
			isa = XCBuildConfiguration;
			buildSettings = {
				ASSETCATALOG_COMPILER_APPICON_NAME = AppIcon;
				CODE_SIGN_STYLE = Automatic;
				INFOPLIST_FILE = "Final Project/Info.plist";
				LD_RUNPATH_SEARCH_PATHS = (
					"$(inherited)",
					"@executable_path/Frameworks",
				);
				PRODUCT_BUNDLE_IDENTIFIER = "Frank.Final-Project";
				PRODUCT_NAME = "$(TARGET_NAME)";
				SWIFT_VERSION = 5.0;
				TARGETED_DEVICE_FAMILY = "1,2";
			};
			name = Debug;
		};
		DEA206C8245B368400653FB4 /* Release */ = {
			isa = XCBuildConfiguration;
			buildSettings = {
				ASSETCATALOG_COMPILER_APPICON_NAME = AppIcon;
				CODE_SIGN_STYLE = Automatic;
				INFOPLIST_FILE = "Final Project/Info.plist";
				LD_RUNPATH_SEARCH_PATHS = (
					"$(inherited)",
					"@executable_path/Frameworks",
				);
				PRODUCT_BUNDLE_IDENTIFIER = "Frank.Final-Project";
				PRODUCT_NAME = "$(TARGET_NAME)";
				SWIFT_VERSION = 5.0;
				TARGETED_DEVICE_FAMILY = "1,2";
			};
			name = Release;
		};
		DEA206CA245B368400653FB4 /* Debug */ = {
			isa = XCBuildConfiguration;
			buildSettings = {
				ALWAYS_EMBED_SWIFT_STANDARD_LIBRARIES = YES;
				BUNDLE_LOADER = "$(TEST_HOST)";
				CODE_SIGN_STYLE = Automatic;
				INFOPLIST_FILE = "Final ProjectTests/Info.plist";
				IPHONEOS_DEPLOYMENT_TARGET = 13.2;
				LD_RUNPATH_SEARCH_PATHS = (
					"$(inherited)",
					"@executable_path/Frameworks",
					"@loader_path/Frameworks",
				);
				PRODUCT_BUNDLE_IDENTIFIER = "Frank.Final-ProjectTests";
				PRODUCT_NAME = "$(TARGET_NAME)";
				SWIFT_VERSION = 5.0;
				TARGETED_DEVICE_FAMILY = "1,2";
				TEST_HOST = "$(BUILT_PRODUCTS_DIR)/Final Project.app/Final Project";
			};
			name = Debug;
		};
		DEA206CB245B368400653FB4 /* Release */ = {
			isa = XCBuildConfiguration;
			buildSettings = {
				ALWAYS_EMBED_SWIFT_STANDARD_LIBRARIES = YES;
				BUNDLE_LOADER = "$(TEST_HOST)";
				CODE_SIGN_STYLE = Automatic;
				INFOPLIST_FILE = "Final ProjectTests/Info.plist";
				IPHONEOS_DEPLOYMENT_TARGET = 13.2;
				LD_RUNPATH_SEARCH_PATHS = (
					"$(inherited)",
					"@executable_path/Frameworks",
					"@loader_path/Frameworks",
				);
				PRODUCT_BUNDLE_IDENTIFIER = "Frank.Final-ProjectTests";
				PRODUCT_NAME = "$(TARGET_NAME)";
				SWIFT_VERSION = 5.0;
				TARGETED_DEVICE_FAMILY = "1,2";
				TEST_HOST = "$(BUILT_PRODUCTS_DIR)/Final Project.app/Final Project";
			};
			name = Release;
		};
		DEA206CD245B368400653FB4 /* Debug */ = {
			isa = XCBuildConfiguration;
			buildSettings = {
				ALWAYS_EMBED_SWIFT_STANDARD_LIBRARIES = YES;
				CODE_SIGN_STYLE = Automatic;
				INFOPLIST_FILE = "Final ProjectUITests/Info.plist";
				LD_RUNPATH_SEARCH_PATHS = (
					"$(inherited)",
					"@executable_path/Frameworks",
					"@loader_path/Frameworks",
				);
				PRODUCT_BUNDLE_IDENTIFIER = "Frank.Final-ProjectUITests";
				PRODUCT_NAME = "$(TARGET_NAME)";
				SWIFT_VERSION = 5.0;
				TARGETED_DEVICE_FAMILY = "1,2";
				TEST_TARGET_NAME = "Final Project";
			};
			name = Debug;
		};
		DEA206CE245B368400653FB4 /* Release */ = {
			isa = XCBuildConfiguration;
			buildSettings = {
				ALWAYS_EMBED_SWIFT_STANDARD_LIBRARIES = YES;
				CODE_SIGN_STYLE = Automatic;
				INFOPLIST_FILE = "Final ProjectUITests/Info.plist";
				LD_RUNPATH_SEARCH_PATHS = (
					"$(inherited)",
					"@executable_path/Frameworks",
					"@loader_path/Frameworks",
				);
				PRODUCT_BUNDLE_IDENTIFIER = "Frank.Final-ProjectUITests";
				PRODUCT_NAME = "$(TARGET_NAME)";
				SWIFT_VERSION = 5.0;
				TARGETED_DEVICE_FAMILY = "1,2";
				TEST_TARGET_NAME = "Final Project";
			};
			name = Release;
		};
/* End XCBuildConfiguration section */

/* Begin XCConfigurationList section */
		DEA20697245B368300653FB4 /* Build configuration list for PBXProject "Final Project" */ = {
			isa = XCConfigurationList;
			buildConfigurations = (
				DEA206C4245B368400653FB4 /* Debug */,
				DEA206C5245B368400653FB4 /* Release */,
			);
			defaultConfigurationIsVisible = 0;
			defaultConfigurationName = Release;
		};
		DEA206C6245B368400653FB4 /* Build configuration list for PBXNativeTarget "Final Project" */ = {
			isa = XCConfigurationList;
			buildConfigurations = (
				DEA206C7245B368400653FB4 /* Debug */,
				DEA206C8245B368400653FB4 /* Release */,
			);
			defaultConfigurationIsVisible = 0;
			defaultConfigurationName = Release;
		};
		DEA206C9245B368400653FB4 /* Build configuration list for PBXNativeTarget "Final ProjectTests" */ = {
			isa = XCConfigurationList;
			buildConfigurations = (
				DEA206CA245B368400653FB4 /* Debug */,
				DEA206CB245B368400653FB4 /* Release */,
			);
			defaultConfigurationIsVisible = 0;
			defaultConfigurationName = Release;
		};
		DEA206CC245B368400653FB4 /* Build configuration list for PBXNativeTarget "Final ProjectUITests" */ = {
			isa = XCConfigurationList;
			buildConfigurations = (
				DEA206CD245B368400653FB4 /* Debug */,
				DEA206CE245B368400653FB4 /* Release */,
			);
			defaultConfigurationIsVisible = 0;
			defaultConfigurationName = Release;
		};
/* End XCConfigurationList section */
	};
	rootObject = DEA20694245B368300653FB4 /* Project object */;
}
